
Microsoft Visual Studio Solution File, Format Version 12.00
# Visual Studio Version 17
VisualStudioVersion = 17.11.35222.181
MinimumVisualStudioVersion = 10.0.40219.1
Project("{2150E333-8FDC-42A3-9474-1A3956D46DE8}") = "src", "src", "{12E6A3B6-331A-46BA-A712-4525B247BC3D}"
EndProject
Project("{2150E333-8FDC-42A3-9474-1A3956D46DE8}") = "services", "services", "{B73E9126-67DB-492F-8946-3CAEBE796476}"
EndProject
Project("{2150E333-8FDC-42A3-9474-1A3956D46DE8}") = "catalog", "catalog", "{4321EE9F-6453-4355-ADCA-D2FE2BE4F28E}"
EndProject
Project("{9A19103F-16F7-4668-BE54-9A1E7A4F7556}") = "TutorBay.Catalog.API", "TutorBay.Catalog.API\TutorBay.Catalog.API.csproj", "{EFFA7444-65B3-4DA4-957F-C1C454A13A30}"
EndProject
Project("{E53339B2-1760-4266-BCC7-CA923CBCF16C}") = "docker-compose", "docker-compose.dcproj", "{0E267994-6FC4-43FC-938C-DB0830A57E34}"
EndProject
Project("{2150E333-8FDC-42A3-9474-1A3956D46DE8}") = "shared", "shared", "{B6E1036E-9888-41C1-A444-7A325A4F1DC2}"
EndProject
Project("{2150E333-8FDC-42A3-9474-1A3956D46DE8}") = "basket", "basket", "{E8BECED4-2BFF-48B1-8CA9-E728A2C8A75B}"
EndProject
Project("{9A19103F-16F7-4668-BE54-9A1E7A4F7556}") = "TutorBay.Basket.Api", "TutorBay.Basket.Api\TutorBay.Basket.Api.csproj", "{872674D8-F07C-4F97-B085-90BB8916B491}"
EndProject
Project("{9A19103F-16F7-4668-BE54-9A1E7A4F7556}") = "TutorBay.Shared", "TutorBay.Shared\TutorBay.Shared.csproj", "{0A1CBAF3-77ED-46BA-A866-5A23EC09D666}"
EndProject
Global
	GlobalSection(SolutionConfigurationPlatforms) = preSolution
		Debug|Any CPU = Debug|Any CPU
		Release|Any CPU = Release|Any CPU
	EndGlobalSection
	GlobalSection(ProjectConfigurationPlatforms) = postSolution
		{EFFA7444-65B3-4DA4-957F-C1C454A13A30}.Debug|Any CPU.ActiveCfg = Debug|Any CPU
		{EFFA7444-65B3-4DA4-957F-C1C454A13A30}.Debug|Any CPU.Build.0 = Debug|Any CPU
		{EFFA7444-65B3-4DA4-957F-C1C454A13A30}.Release|Any CPU.ActiveCfg = Release|Any CPU
		{EFFA7444-65B3-4DA4-957F-C1C454A13A30}.Release|Any CPU.Build.0 = Release|Any CPU
		{0E267994-6FC4-43FC-938C-DB0830A57E34}.Debug|Any CPU.ActiveCfg = Debug|Any CPU
		{0E267994-6FC4-43FC-938C-DB0830A57E34}.Debug|Any CPU.Build.0 = Debug|Any CPU
		{0E267994-6FC4-43FC-938C-DB0830A57E34}.Release|Any CPU.ActiveCfg = Release|Any CPU
		{0E267994-6FC4-43FC-938C-DB0830A57E34}.Release|Any CPU.Build.0 = Release|Any CPU
		{872674D8-F07C-4F97-B085-90BB8916B491}.Debug|Any CPU.ActiveCfg = Debug|Any CPU
		{872674D8-F07C-4F97-B085-90BB8916B491}.Debug|Any CPU.Build.0 = Debug|Any CPU
		{872674D8-F07C-4F97-B085-90BB8916B491}.Release|Any CPU.ActiveCfg = Release|Any CPU
		{872674D8-F07C-4F97-B085-90BB8916B491}.Release|Any CPU.Build.0 = Release|Any CPU
		{0A1CBAF3-77ED-46BA-A866-5A23EC09D666}.Debug|Any CPU.ActiveCfg = Debug|Any CPU
		{0A1CBAF3-77ED-46BA-A866-5A23EC09D666}.Debug|Any CPU.Build.0 = Debug|Any CPU
		{0A1CBAF3-77ED-46BA-A866-5A23EC09D666}.Release|Any CPU.ActiveCfg = Release|Any CPU
		{0A1CBAF3-77ED-46BA-A866-5A23EC09D666}.Release|Any CPU.Build.0 = Release|Any CPU
	EndGlobalSection
	GlobalSection(SolutionProperties) = preSolution
		HideSolutionNode = FALSE
	EndGlobalSection
	GlobalSection(NestedProjects) = preSolution
		{B73E9126-67DB-492F-8946-3CAEBE796476} = {12E6A3B6-331A-46BA-A712-4525B247BC3D}
		{4321EE9F-6453-4355-ADCA-D2FE2BE4F28E} = {B73E9126-67DB-492F-8946-3CAEBE796476}
		{EFFA7444-65B3-4DA4-957F-C1C454A13A30} = {4321EE9F-6453-4355-ADCA-D2FE2BE4F28E}
		{B6E1036E-9888-41C1-A444-7A325A4F1DC2} = {12E6A3B6-331A-46BA-A712-4525B247BC3D}
		{E8BECED4-2BFF-48B1-8CA9-E728A2C8A75B} = {B73E9126-67DB-492F-8946-3CAEBE796476}
		{872674D8-F07C-4F97-B085-90BB8916B491} = {E8BECED4-2BFF-48B1-8CA9-E728A2C8A75B}
		{0A1CBAF3-77ED-46BA-A866-5A23EC09D666} = {B6E1036E-9888-41C1-A444-7A325A4F1DC2}
	EndGlobalSection
	GlobalSection(ExtensibilityGlobals) = postSolution
		SolutionGuid = {E6CF4775-6D8D-4BB9-904E-15821D510116}
	EndGlobalSection
EndGlobal
